// !$*UTF8*$!
{
	archiveVersion = 1;
	classes = {
	};
	objectVersion = 50;
	objects = {

/* Begin PBXBuildFile section */
		1B855A0324AB81BA008A8789 /* AppDelegate.swift in Sources */ = {isa = PBXBuildFile; fileRef = 1B855A0224AB81BA008A8789 /* AppDelegate.swift */; };
		1B855A0524AB81BA008A8789 /* SceneDelegate.swift in Sources */ = {isa = PBXBuildFile; fileRef = 1B855A0424AB81BA008A8789 /* SceneDelegate.swift */; };
		1B855A0724AB81BA008A8789 /* SearchViewController.swift in Sources */ = {isa = PBXBuildFile; fileRef = 1B855A0624AB81BA008A8789 /* SearchViewController.swift */; };
		1B855A0A24AB81BA008A8789 /* Main.storyboard in Resources */ = {isa = PBXBuildFile; fileRef = 1B855A0824AB81BA008A8789 /* Main.storyboard */; };
		1B855A0C24AB81BE008A8789 /* Assets.xcassets in Resources */ = {isa = PBXBuildFile; fileRef = 1B855A0B24AB81BE008A8789 /* Assets.xcassets */; };
		1B855A0F24AB81BE008A8789 /* LaunchScreen.storyboard in Resources */ = {isa = PBXBuildFile; fileRef = 1B855A0D24AB81BE008A8789 /* LaunchScreen.storyboard */; };
		1B855A1824AB843E008A8789 /* UIViewController+Child.swift in Sources */ = {isa = PBXBuildFile; fileRef = 1B855A1724AB843E008A8789 /* UIViewController+Child.swift */; };
		1B855A1C24AB8544008A8789 /* EmptyStateViewController.swift in Sources */ = {isa = PBXBuildFile; fileRef = 1B855A1B24AB8544008A8789 /* EmptyStateViewController.swift */; };
/* End PBXBuildFile section */

/* Begin PBXFileReference section */
		1B8559FF24AB81BA008A8789 /* MovieSearch.app */ = {isa = PBXFileReference; explicitFileType = wrapper.application; includeInIndex = 0; path = MovieSearch.app; sourceTree = BUILT_PRODUCTS_DIR; };
		1B855A0224AB81BA008A8789 /* AppDelegate.swift */ = {isa = PBXFileReference; lastKnownFileType = sourcecode.swift; path = AppDelegate.swift; sourceTree = "<group>"; };
		1B855A0424AB81BA008A8789 /* SceneDelegate.swift */ = {isa = PBXFileReference; lastKnownFileType = sourcecode.swift; path = SceneDelegate.swift; sourceTree = "<group>"; };
		1B855A0624AB81BA008A8789 /* SearchViewController.swift */ = {isa = PBXFileReference; lastKnownFileType = sourcecode.swift; path = SearchViewController.swift; sourceTree = "<group>"; };
		1B855A0924AB81BA008A8789 /* Base */ = {isa = PBXFileReference; lastKnownFileType = file.storyboard; name = Base; path = Base.lproj/Main.storyboard; sourceTree = "<group>"; };
		1B855A0B24AB81BE008A8789 /* Assets.xcassets */ = {isa = PBXFileReference; lastKnownFileType = folder.assetcatalog; path = Assets.xcassets; sourceTree = "<group>"; };
		1B855A0E24AB81BE008A8789 /* Base */ = {isa = PBXFileReference; lastKnownFileType = file.storyboard; name = Base; path = Base.lproj/LaunchScreen.storyboard; sourceTree = "<group>"; };
		1B855A1024AB81BE008A8789 /* Info.plist */ = {isa = PBXFileReference; lastKnownFileType = text.plist.xml; path = Info.plist; sourceTree = "<group>"; };
		1B855A1724AB843E008A8789 /* UIViewController+Child.swift */ = {isa = PBXFileReference; fileEncoding = 4; lastKnownFileType = sourcecode.swift; path = "UIViewController+Child.swift"; sourceTree = "<group>"; };
		1B855A1B24AB8544008A8789 /* EmptyStateViewController.swift */ = {isa = PBXFileReference; lastKnownFileType = sourcecode.swift; path = EmptyStateViewController.swift; sourceTree = "<group>"; };
/* End PBXFileReference section */

/* Begin PBXFrameworksBuildPhase section */
		1B8559FC24AB81BA008A8789 /* Frameworks */ = {
			isa = PBXFrameworksBuildPhase;
			buildActionMask = 2147483647;
			files = (
			);
			runOnlyForDeploymentPostprocessing = 0;
		};
/* End PBXFrameworksBuildPhase section */

/* Begin PBXGroup section */
		1B8559F624AB81BA008A8789 = {
			isa = PBXGroup;
			children = (
				1B855A0124AB81BA008A8789 /* MovieSearch */,
				1B855A0024AB81BA008A8789 /* Products */,
			);
			sourceTree = "<group>";
		};
		1B855A0024AB81BA008A8789 /* Products */ = {
			isa = PBXGroup;
			children = (
				1B8559FF24AB81BA008A8789 /* MovieSearch.app */,
			);
			name = Products;
			sourceTree = "<group>";
		};
		1B855A0124AB81BA008A8789 /* MovieSearch */ = {
			isa = PBXGroup;
			children = (
				1B855A1A24AB84FD008A8789 /* Views */,
				1B855A1624AB843E008A8789 /* Extensions */,
				1B855A0224AB81BA008A8789 /* AppDelegate.swift */,
				1B855A0424AB81BA008A8789 /* SceneDelegate.swift */,
				1B855A0624AB81BA008A8789 /* SearchViewController.swift */,
				1B855A0824AB81BA008A8789 /* Main.storyboard */,
				1B855A0B24AB81BE008A8789 /* Assets.xcassets */,
				1B855A0D24AB81BE008A8789 /* LaunchScreen.storyboard */,
				1B855A1024AB81BE008A8789 /* Info.plist */,
			);
			path = MovieSearch;
			sourceTree = "<group>";
		};
		1B855A1624AB843E008A8789 /* Extensions */ = {
			isa = PBXGroup;
			children = (
				1B855A1724AB843E008A8789 /* UIViewController+Child.swift */,
			);
			path = Extensions;
			sourceTree = "<group>";
		};
		1B855A1A24AB84FD008A8789 /* Views */ = {
			isa = PBXGroup;
			children = (
				1B855A1B24AB8544008A8789 /* EmptyStateViewController.swift */,
			);
			path = Views;
			sourceTree = "<group>";
		};
/* End PBXGroup section */

/* Begin PBXNativeTarget section */
		1B8559FE24AB81BA008A8789 /* MovieSearch */ = {
			isa = PBXNativeTarget;
			buildConfigurationList = 1B855A1324AB81BE008A8789 /* Build configuration list for PBXNativeTarget "MovieSearch" */;
			buildPhases = (
				1B8559FB24AB81BA008A8789 /* Sources */,
				1B8559FC24AB81BA008A8789 /* Frameworks */,
				1B8559FD24AB81BA008A8789 /* Resources */,
			);
			buildRules = (
			);
			dependencies = (
			);
			name = MovieSearch;
			productName = MovieSearch;
			productReference = 1B8559FF24AB81BA008A8789 /* MovieSearch.app */;
			productType = "com.apple.product-type.application";
		};
/* End PBXNativeTarget section */

/* Begin PBXProject section */
		1B8559F724AB81BA008A8789 /* Project object */ = {
			isa = PBXProject;
			attributes = {
				LastSwiftUpdateCheck = 1150;
				LastUpgradeCheck = 1150;
				ORGANIZATIONNAME = "Andrew Monshizadeh";
				TargetAttributes = {
					1B8559FE24AB81BA008A8789 = {
						CreatedOnToolsVersion = 11.5;
					};
				};
			};
			buildConfigurationList = 1B8559FA24AB81BA008A8789 /* Build configuration list for PBXProject "MovieSearch" */;
			compatibilityVersion = "Xcode 9.3";
			developmentRegion = en;
			hasScannedForEncodings = 0;
			knownRegions = (
				en,
				Base,
			);
			mainGroup = 1B8559F624AB81BA008A8789;
			productRefGroup = 1B855A0024AB81BA008A8789 /* Products */;
			projectDirPath = "";
			projectRoot = "";
			targets = (
				1B8559FE24AB81BA008A8789 /* MovieSearch */,
			);
		};
/* End PBXProject section */

/* Begin PBXResourcesBuildPhase section */
		1B8559FD24AB81BA008A8789 /* Resources */ = {
			isa = PBXResourcesBuildPhase;
			buildActionMask = 2147483647;
			files = (
				1B855A0F24AB81BE008A8789 /* LaunchScreen.storyboard in Resources */,
				1B855A0C24AB81BE008A8789 /* Assets.xcassets in Resources */,
				1B855A0A24AB81BA008A8789 /* Main.storyboard in Resources */,
			);
			runOnlyForDeploymentPostprocessing = 0;
		};
/* End PBXResourcesBuildPhase section */

/* Begin PBXSourcesBuildPhase section */
		1B8559FB24AB81BA008A8789 /* Sources */ = {
			isa = PBXSourcesBuildPhase;
			buildActionMask = 2147483647;
			files = (
				1B855A0724AB81BA008A8789 /* SearchViewController.swift in Sources */,
				1B855A1C24AB8544008A8789 /* EmptyStateViewController.swift in Sources */,
				1B855A0324AB81BA008A8789 /* AppDelegate.swift in Sources */,
				1B855A0524AB81BA008A8789 /* SceneDelegate.swift in Sources */,
				1B855A1824AB843E008A8789 /* UIViewController+Child.swift in Sources */,
			);
			runOnlyForDeploymentPostprocessing = 0;
		};
/* End PBXSourcesBuildPhase section */

/* Begin PBXVariantGroup section */
		1B855A0824AB81BA008A8789 /* Main.storyboard */ = {
			isa = PBXVariantGroup;
			children = (
				1B855A0924AB81BA008A8789 /* Base */,
			);
			name = Main.storyboard;
			sourceTree = "<group>";
		};
		1B855A0D24AB81BE008A8789 /* LaunchScreen.storyboard */ = {
			isa = PBXVariantGroup;
			children = (
				1B855A0E24AB81BE008A8789 /* Base */,
			);
			name = LaunchScreen.storyboard;
			sourceTree = "<group>";
		};
/* End PBXVariantGroup section */

/* Begin XCBuildConfiguration section */
		1B855A1124AB81BE008A8789 /* Debug */ = {
			isa = XCBuildConfiguration;
			buildSettings = {
				ALWAYS_SEARCH_USER_PATHS = NO;
				CLANG_ANALYZER_NONNULL = YES;
				CLANG_ANALYZER_NUMBER_OBJECT_CONVERSION = YES_AGGRESSIVE;
				CLANG_CXX_LANGUAGE_STANDARD = "gnu++14";
				CLANG_CXX_LIBRARY = "libc++";
				CLANG_ENABLE_MODULES = YES;
				CLANG_ENABLE_OBJC_ARC = YES;
				CLANG_ENABLE_OBJC_WEAK = YES;
				CLANG_WARN_BLOCK_CAPTURE_AUTORELEASING = YES;
				CLANG_WARN_BOOL_CONVERSION = YES;
				CLANG_WARN_COMMA = YES;
				CLANG_WARN_CONSTANT_CONVERSION = YES;
				CLANG_WARN_DEPRECATED_OBJC_IMPLEMENTATIONS = YES;
				CLANG_WARN_DIRECT_OBJC_ISA_USAGE = YES_ERROR;
				CLANG_WARN_DOCUMENTATION_COMMENTS = YES;
				CLANG_WARN_EMPTY_BODY = YES;
				CLANG_WARN_ENUM_CONVERSION = YES;
				CLANG_WARN_INFINITE_RECURSION = YES;
				CLANG_WARN_INT_CONVERSION = YES;
				CLANG_WARN_NON_LITERAL_NULL_CONVERSION = YES;
				CLANG_WARN_OBJC_IMPLICIT_RETAIN_SELF = YES;
				CLANG_WARN_OBJC_LITERAL_CONVERSION = YES;
				CLANG_WARN_OBJC_ROOT_CLASS = YES_ERROR;
				CLANG_WARN_RANGE_LOOP_ANALYSIS = YES;
				CLANG_WARN_STRICT_PROTOTYPES = YES;
				CLANG_WARN_SUSPICIOUS_MOVE = YES;
				CLANG_WARN_UNGUARDED_AVAILABILITY = YES_AGGRESSIVE;
				CLANG_WARN_UNREACHABLE_CODE = YES;
				CLANG_WARN__DUPLICATE_METHOD_MATCH = YES;
				COPY_PHASE_STRIP = NO;
				DEBUG_INFORMATION_FORMAT = dwarf;
				ENABLE_STRICT_OBJC_MSGSEND = YES;
				ENABLE_TESTABILITY = YES;
				GCC_C_LANGUAGE_STANDARD = gnu11;
				GCC_DYNAMIC_NO_PIC = NO;
				GCC_NO_COMMON_BLOCKS = YES;
				GCC_OPTIMIZATION_LEVEL = 0;
				GCC_PREPROCESSOR_DEFINITIONS = (
					"DEBUG=1",
					"$(inherited)",
				);
				GCC_WARN_64_TO_32_BIT_CONVERSION = YES;
				GCC_WARN_ABOUT_RETURN_TYPE = YES_ERROR;
				GCC_WARN_UNDECLARED_SELECTOR = YES;
				GCC_WARN_UNINITIALIZED_AUTOS = YES_AGGRESSIVE;
				GCC_WARN_UNUSED_FUNCTION = YES;
				GCC_WARN_UNUSED_VARIABLE = YES;
				IPHONEOS_DEPLOYMENT_TARGET = 13.5;
				MTL_ENABLE_DEBUG_INFO = INCLUDE_SOURCE;
				MTL_FAST_MATH = YES;
				ONLY_ACTIVE_ARCH = YES;
				SDKROOT = iphoneos;
				SWIFT_ACTIVE_COMPILATION_CONDITIONS = DEBUG;
				SWIFT_OPTIMIZATION_LEVEL = "-Onone";
			};
			name = Debug;
		};
		1B855A1224AB81BE008A8789 /* Release */ = {
			isa = XCBuildConfiguration;
			buildSettings = {
				ALWAYS_SEARCH_USER_PATHS = NO;
				CLANG_ANALYZER_NONNULL = YES;
				CLANG_ANALYZER_NUMBER_OBJECT_CONVERSION = YES_AGGRESSIVE;
				CLANG_CXX_LANGUAGE_STANDARD = "gnu++14";
				CLANG_CXX_LIBRARY = "libc++";
				CLANG_ENABLE_MODULES = YES;
				CLANG_ENABLE_OBJC_ARC = YES;
				CLANG_ENABLE_OBJC_WEAK = YES;
				CLANG_WARN_BLOCK_CAPTURE_AUTORELEASING = YES;
				CLANG_WARN_BOOL_CONVERSION = YES;
				CLANG_WARN_COMMA = YES;
				CLANG_WARN_CONSTANT_CONVERSION = YES;
				CLANG_WARN_DEPRECATED_OBJC_IMPLEMENTATIONS = YES;
				CLANG_WARN_DIRECT_OBJC_ISA_USAGE = YES_ERROR;
				CLANG_WARN_DOCUMENTATION_COMMENTS = YES;
				CLANG_WARN_EMPTY_BODY = YES;
				CLANG_WARN_ENUM_CONVERSION = YES;
				CLANG_WARN_INFINITE_RECURSION = YES;
				CLANG_WARN_INT_CONVERSION = YES;
				CLANG_WARN_NON_LITERAL_NULL_CONVERSION = YES;
				CLANG_WARN_OBJC_IMPLICIT_RETAIN_SELF = YES;
				CLANG_WARN_OBJC_LITERAL_CONVERSION = YES;
				CLANG_WARN_OBJC_ROOT_CLASS = YES_ERROR;
				CLANG_WARN_RANGE_LOOP_ANALYSIS = YES;
				CLANG_WARN_STRICT_PROTOTYPES = YES;
				CLANG_WARN_SUSPICIOUS_MOVE = YES;
				CLANG_WARN_UNGUARDED_AVAILABILITY = YES_AGGRESSIVE;
				CLANG_WARN_UNREACHABLE_CODE = YES;
				CLANG_WARN__DUPLICATE_METHOD_MATCH = YES;
				COPY_PHASE_STRIP = NO;
				DEBUG_INFORMATION_FORMAT = "dwarf-with-dsym";
				ENABLE_NS_ASSERTIONS = NO;
				ENABLE_STRICT_OBJC_MSGSEND = YES;
				GCC_C_LANGUAGE_STANDARD = gnu11;
				GCC_NO_COMMON_BLOCKS = YES;
				GCC_WARN_64_TO_32_BIT_CONVERSION = YES;
				GCC_WARN_ABOUT_RETURN_TYPE = YES_ERROR;
				GCC_WARN_UNDECLARED_SELECTOR = YES;
				GCC_WARN_UNINITIALIZED_AUTOS = YES_AGGRESSIVE;
				GCC_WARN_UNUSED_FUNCTION = YES;
				GCC_WARN_UNUSED_VARIABLE = YES;
				IPHONEOS_DEPLOYMENT_TARGET = 13.5;
				MTL_ENABLE_DEBUG_INFO = NO;
				MTL_FAST_MATH = YES;
				SDKROOT = iphoneos;
				SWIFT_COMPILATION_MODE = wholemodule;
				SWIFT_OPTIMIZATION_LEVEL = "-O";
				VALIDATE_PRODUCT = YES;
			};
			name = Release;
		};
		1B855A1424AB81BE008A8789 /* Debug */ = {
			isa = XCBuildConfiguration;
			buildSettings = {
				ASSETCATALOG_COMPILER_APPICON_NAME = AppIcon;
				CODE_SIGN_STYLE = Automatic;
				DEVELOPMENT_TEAM = BDKG93339Q;
				INFOPLIST_FILE = MovieSearch/Info.plist;
				LD_RUNPATH_SEARCH_PATHS = (
					"$(inherited)",
					"@executable_path/Frameworks",
				);
				PRODUCT_BUNDLE_IDENTIFIER = com.amonshiz.MovieSearch;
				PRODUCT_NAME = "$(TARGET_NAME)";
				SWIFT_VERSION = 5.0;
				TARGETED_DEVICE_FAMILY = "1,2";
			};
			name = Debug;
		};
		1B855A1524AB81BE008A8789 /* Release */ = {
			isa = XCBuildConfiguration;
			buildSettings = {
				ASSETCATALOG_COMPILER_APPICON_NAME = AppIcon;
				CODE_SIGN_STYLE = Automatic;
				DEVELOPMENT_TEAM = BDKG93339Q;
				INFOPLIST_FILE = MovieSearch/Info.plist;
				LD_RUNPATH_SEARCH_PATHS = (
					"$(inherited)",
					"@executable_path/Frameworks",
				);
				PRODUCT_BUNDLE_IDENTIFIER = com.amonshiz.MovieSearch;
				PRODUCT_NAME = "$(TARGET_NAME)";
				SWIFT_VERSION = 5.0;
				TARGETED_DEVICE_FAMILY = "1,2";
			};
			name = Release;
		};
/* End XCBuildConfiguration section */

/* Begin XCConfigurationList section */
		1B8559FA24AB81BA008A8789 /* Build configuration list for PBXProject "MovieSearch" */ = {
			isa = XCConfigurationList;
			buildConfigurations = (
				1B855A1124AB81BE008A8789 /* Debug */,
				1B855A1224AB81BE008A8789 /* Release */,
			);
			defaultConfigurationIsVisible = 0;
			defaultConfigurationName = Release;
		};
		1B855A1324AB81BE008A8789 /* Build configuration list for PBXNativeTarget "MovieSearch" */ = {
			isa = XCConfigurationList;
			buildConfigurations = (
				1B855A1424AB81BE008A8789 /* Debug */,
				1B855A1524AB81BE008A8789 /* Release */,
			);
			defaultConfigurationIsVisible = 0;
			defaultConfigurationName = Release;
		};
/* End XCConfigurationList section */
	};
	rootObject = 1B8559F724AB81BA008A8789 /* Project object */;
}
